%{
  "file_system": {:hex, :file_system, "0.2.7", "e6f7f155970975789f26e77b8b8d8ab084c59844d8ecfaf58cbda31c494d14aa", [:mix], [], "hexpm"},
  "mix_test_watch": {:hex, :mix_test_watch, "1.0.2", "34900184cbbbc6b6ed616ed3a8ea9b791f9fd2088419352a6d3200525637f785", [:mix], [{:file_system, "~> 0.2.1 or ~> 0.3", [hex: :file_system, repo: "hexpm", optional: false]}], "hexpm"},
}
